
Microsoft Visual Studio Solution File, Format Version 12.00
# Visual Studio 16
Project("{FAE04EC0-301F-11D3-BF4B-00C04F79EFBC}") = "Assembly-CSharp", "Assembly-CSharp.csproj", "{C65E26CD-259E-31B9-3F8D-7AE381197E4A}"
EndProject
Project("{FAE04EC0-301F-11D3-BF4B-00C04F79EFBC}") = "Assembly-CSharp-Editor", "Assembly-CSharp-Editor.csproj", "{ED5B2A6C-57FC-5CB8-51D6-C538DD4FCEC7}"
EndProject
Global
	GlobalSection(SolutionConfigurationPlatforms) = preSolution
		Debug|Any CPU = Debug|Any CPU
		Release|Any CPU = Release|Any CPU
	EndGlobalSection
	GlobalSection(ProjectConfigurationPlatforms) = postSolution
		{C65E26CD-259E-31B9-3F8D-7AE381197E4A}.Debug|Any CPU.ActiveCfg = Debug|Any CPU
		{C65E26CD-259E-31B9-3F8D-7AE381197E4A}.Debug|Any CPU.Build.0 = Debug|Any CPU
		{C65E26CD-259E-31B9-3F8D-7AE381197E4A}.Release|Any CPU.ActiveCfg = Release|Any CPU
		{C65E26CD-259E-31B9-3F8D-7AE381197E4A}.Release|Any CPU.Build.0 = Release|Any CPU
		{ED5B2A6C-57FC-5CB8-51D6-C538DD4FCEC7}.Debug|Any CPU.ActiveCfg = Debug|Any CPU
		{ED5B2A6C-57FC-5CB8-51D6-C538DD4FCEC7}.Debug|Any CPU.Build.0 = Debug|Any CPU
		{ED5B2A6C-57FC-5CB8-51D6-C538DD4FCEC7}.Release|Any CPU.ActiveCfg = Release|Any CPU
		{ED5B2A6C-57FC-5CB8-51D6-C538DD4FCEC7}.Release|Any CPU.Build.0 = Release|Any CPU
	EndGlobalSection
	GlobalSection(SolutionProperties) = preSolution
		HideSolutionNode = FALSE
	EndGlobalSection
EndGlobal
