
Microsoft Visual Studio Solution File, Format Version 12.00
# Visual Studio 16
Project("{FAE04EC0-301F-11D3-BF4B-00C04F79EFBC}") = "Assembly-CSharp", "Assembly-CSharp.csproj", "{4678C8E5-131A-AFC4-FD9B-4C234032873B}"
EndProject
Global
	GlobalSection(SolutionConfigurationPlatforms) = preSolution
		Debug|Any CPU = Debug|Any CPU
		Release|Any CPU = Release|Any CPU
	EndGlobalSection
	GlobalSection(ProjectConfigurationPlatforms) = postSolution
		{4678C8E5-131A-AFC4-FD9B-4C234032873B}.Debug|Any CPU.ActiveCfg = Debug|Any CPU
		{4678C8E5-131A-AFC4-FD9B-4C234032873B}.Debug|Any CPU.Build.0 = Debug|Any CPU
		{4678C8E5-131A-AFC4-FD9B-4C234032873B}.Release|Any CPU.ActiveCfg = Release|Any CPU
		{4678C8E5-131A-AFC4-FD9B-4C234032873B}.Release|Any CPU.Build.0 = Release|Any CPU
	EndGlobalSection
	GlobalSection(SolutionProperties) = preSolution
		HideSolutionNode = FALSE
	EndGlobalSection
EndGlobal
